github.com/opencontainers/selinux v1.11.1 h1:nHFvthhM0qY8/m+vfhJylliSshm8G1jJ2jDMcgULaH8=
github.com/opencontainers/selinux v1.11.1/go.mod h1:E5dMC3VPuVvVHDYmi78qvhJp8+M586T4DlDRYpFkyec=
golang.org/x/sys v0.0.0-20220715151400-c0bba94af5f8 h1:0A+M6Uqn+Eje4kHMK80dtF3JCXC4ykBgQG4Fe06QRhQ=
golang.org/x/sys v0.0.0-20220715151400-c0bba94af5f8/go.mod h1:oPkhp1MJrh7nUepCBck5+mAzfO9JrbApNNgaTdGDITg=
